
Microsoft Visual Studio Solution File, Format Version 12.00
# Visual Studio Version 16
VisualStudioVersion = 16.0.31729.503
MinimumVisualStudioVersion = 10.0.40219.1
Project("{FAE04EC0-301F-11D3-BF4B-00C04F79EFBC}") = "YouShallNotPass", "YouShallNotPass\YouShallNotPass.csproj", "{FB738AB1-5D09-4A1A-9A8F-95F2676B2AF0}"
EndProject
Global
	GlobalSection(SolutionConfigurationPlatforms) = preSolution
		Debug|Any CPU = Debug|Any CPU
		Release|Any CPU = Release|Any CPU
	EndGlobalSection
	GlobalSection(ProjectConfigurationPlatforms) = postSolution
		{FB738AB1-5D09-4A1A-9A8F-95F2676B2AF0}.Debug|Any CPU.ActiveCfg = Debug|Any CPU
		{FB738AB1-5D09-4A1A-9A8F-95F2676B2AF0}.Debug|Any CPU.Build.0 = Debug|Any CPU
		{FB738AB1-5D09-4A1A-9A8F-95F2676B2AF0}.Release|Any CPU.ActiveCfg = Release|Any CPU
		{FB738AB1-5D09-4A1A-9A8F-95F2676B2AF0}.Release|Any CPU.Build.0 = Release|Any CPU
	EndGlobalSection
	GlobalSection(SolutionProperties) = preSolution
		HideSolutionNode = FALSE
	EndGlobalSection
	GlobalSection(ExtensibilityGlobals) = postSolution
		SolutionGuid = {7126B12C-9898-4E43-AC6C-8733DBB8847E}
	EndGlobalSection
EndGlobal
